
Microsoft Visual Studio Solution File, Format Version 12.00
# Visual Studio Version 17
VisualStudioVersion = 17.14.36414.22 d17.14
MinimumVisualStudioVersion = 10.0.40219.1
Project("{8BC9CEB8-8B4A-11D0-8D11-00A0C91BC942}") = "Midterm C++", "Midterm C++\Midterm C++.vcxproj", "{D129400F-8B7B-4630-B30E-81C7276F5BA9}"
EndProject
Global
	GlobalSection(SolutionConfigurationPlatforms) = preSolution
		Debug|x64 = Debug|x64
		Debug|x86 = Debug|x86
		Release|x64 = Release|x64
		Release|x86 = Release|x86
	EndGlobalSection
	GlobalSection(ProjectConfigurationPlatforms) = postSolution
		{D129400F-8B7B-4630-B30E-81C7276F5BA9}.Debug|x64.ActiveCfg = Debug|x64
		{D129400F-8B7B-4630-B30E-81C7276F5BA9}.Debug|x64.Build.0 = Debug|x64
		{D129400F-8B7B-4630-B30E-81C7276F5BA9}.Debug|x86.ActiveCfg = Debug|Win32
		{D129400F-8B7B-4630-B30E-81C7276F5BA9}.Debug|x86.Build.0 = Debug|Win32
		{D129400F-8B7B-4630-B30E-81C7276F5BA9}.Release|x64.ActiveCfg = Release|x64
		{D129400F-8B7B-4630-B30E-81C7276F5BA9}.Release|x64.Build.0 = Release|x64
		{D129400F-8B7B-4630-B30E-81C7276F5BA9}.Release|x86.ActiveCfg = Release|Win32
		{D129400F-8B7B-4630-B30E-81C7276F5BA9}.Release|x86.Build.0 = Release|Win32
	EndGlobalSection
	GlobalSection(SolutionProperties) = preSolution
		HideSolutionNode = FALSE
	EndGlobalSection
	GlobalSection(ExtensibilityGlobals) = postSolution
		SolutionGuid = {1F41BB2D-FFDE-4373-AD92-5D6BCF1409A3}
	EndGlobalSection
EndGlobal
